
Microsoft Visual Studio Solution File, Format Version 12.00
# Visual Studio Version 16
VisualStudioVersion = 16.0.29324.140
MinimumVisualStudioVersion = 10.0.40219.1
Project("{9A19103F-16F7-4668-BE54-9A1E7A4F7556}") = "Cinema.WebApi", "Cinema.WebApi\Cinema.WebApi.csproj", "{00CC6D64-A2BF-4AC6-843C-4830049A5912}"
EndProject
Project("{9A19103F-16F7-4668-BE54-9A1E7A4F7556}") = "Cinema.Domain", "Cinema.Domain\Cinema.Domain.csproj", "{9D6AFBC9-E552-457B-A0E3-A0114DAEE40E}"
EndProject
Global
	GlobalSection(SolutionConfigurationPlatforms) = preSolution
		Debug|Any CPU = Debug|Any CPU
		Release|Any CPU = Release|Any CPU
	EndGlobalSection
	GlobalSection(ProjectConfigurationPlatforms) = postSolution
		{00CC6D64-A2BF-4AC6-843C-4830049A5912}.Debug|Any CPU.ActiveCfg = Debug|Any CPU
		{00CC6D64-A2BF-4AC6-843C-4830049A5912}.Debug|Any CPU.Build.0 = Debug|Any CPU
		{00CC6D64-A2BF-4AC6-843C-4830049A5912}.Release|Any CPU.ActiveCfg = Release|Any CPU
		{00CC6D64-A2BF-4AC6-843C-4830049A5912}.Release|Any CPU.Build.0 = Release|Any CPU
		{9D6AFBC9-E552-457B-A0E3-A0114DAEE40E}.Debug|Any CPU.ActiveCfg = Debug|Any CPU
		{9D6AFBC9-E552-457B-A0E3-A0114DAEE40E}.Debug|Any CPU.Build.0 = Debug|Any CPU
		{9D6AFBC9-E552-457B-A0E3-A0114DAEE40E}.Release|Any CPU.ActiveCfg = Release|Any CPU
		{9D6AFBC9-E552-457B-A0E3-A0114DAEE40E}.Release|Any CPU.Build.0 = Release|Any CPU
	EndGlobalSection
	GlobalSection(SolutionProperties) = preSolution
		HideSolutionNode = FALSE
	EndGlobalSection
	GlobalSection(ExtensibilityGlobals) = postSolution
		SolutionGuid = {B6A65984-8AE6-414D-8452-75E20F6C546E}
	EndGlobalSection
EndGlobal
